
Microsoft Visual Studio Solution File, Format Version 12.00
# Visual Studio 2013
VisualStudioVersion = 12.0.40629.0
MinimumVisualStudioVersion = 10.0.40219.1
Project("{FAE04EC0-301F-11D3-BF4B-00C04F79EFBC}") = "WinAdvance", "WinAdvance\WinAdvance.csproj", "{F71D2BBD-6B9E-4FFF-A91B-F81F9766C22F}"
EndProject
Global
	GlobalSection(SolutionConfigurationPlatforms) = preSolution
		Debug|Any CPU = Debug|Any CPU
		Release|Any CPU = Release|Any CPU
	EndGlobalSection
	GlobalSection(ProjectConfigurationPlatforms) = postSolution
		{F71D2BBD-6B9E-4FFF-A91B-F81F9766C22F}.Debug|Any CPU.ActiveCfg = Debug|Any CPU
		{F71D2BBD-6B9E-4FFF-A91B-F81F9766C22F}.Debug|Any CPU.Build.0 = Debug|Any CPU
		{F71D2BBD-6B9E-4FFF-A91B-F81F9766C22F}.Release|Any CPU.ActiveCfg = Release|Any CPU
		{F71D2BBD-6B9E-4FFF-A91B-F81F9766C22F}.Release|Any CPU.Build.0 = Release|Any CPU
	EndGlobalSection
	GlobalSection(SolutionProperties) = preSolution
		HideSolutionNode = FALSE
	EndGlobalSection
EndGlobal
